{
  "name": "boids",
  "version": "2.0.0",
  "lockfileVersion": 1,
  "requires": true,
  "dependencies": {
    "JSONStream": {
      "version": "0.4.4",
      "resolved": "https://registry.npmjs.org/JSONStream/-/JSONStream-0.4.4.tgz",
      "integrity": "sha1-zCzxGShsRb4VBCPLwSjUgOm1SuI=",
      "dev": true,
      "requires": {
        "jsonparse": "0.0.5"
      }
    },
    "abbrev": {
      "version": "1.1.1",
      "resolved": "https://registry.npmjs.org/abbrev/-/abbrev-1.1.1.tgz",
      "integrity": "sha512-nne9/IiQ/hzIhY6pdDnbBtz7DjPTKrY00P/zvPSm5pOFkl6xuGrGnXn/VtTNNfNtAfZ9/1RtehkszU9qcTii0Q==",
      "dev": true
    },
    "ambi": {
      "version": "2.5.0",
      "resolved": "https://registry.npmjs.org/ambi/-/ambi-2.5.0.tgz",
      "integrity": "sha1-fI43K+SIkRV+fOoBy2+RQ9H3QiA=",
      "dev": true,
      "requires": {
        "editions": "1.3.3",
        "typechecker": "4.4.1"
      },
      "dependencies": {
        "typechecker": {
          "version": "4.4.1",
          "resolved": "https://registry.npmjs.org/typechecker/-/typechecker-4.4.1.tgz",
          "integrity": "sha1-+XuV9RsDhBchLWd9RaNz7nvO1+Y=",
          "dev": true,
          "requires": {
            "editions": "1.3.3"
          }
        }
      }
    },
    "amdefine": {
      "version": "1.0.1",
      "resolved": "https://registry.npmjs.org/amdefine/-/amdefine-1.0.1.tgz",
      "integrity": "sha1-SlKCrBZHKek2Gbz9OtFR+BfOkfU=",
      "dev": true
    },
    "astw": {
      "version": "0.0.0",
      "resolved": "https://registry.npmjs.org/astw/-/astw-0.0.0.tgz",
      "integrity": "sha1-RJCGaj7xFqr5GtumPKfd9wttWb0=",
      "dev": true,
      "requires": {
        "esprima": "1.0.2"
      }
    },
    "base64-js": {
      "version": "0.0.2",
      "resolved": "https://registry.npmjs.org/base64-js/-/base64-js-0.0.2.tgz",
      "integrity": "sha1-Ak8Pcq+iW3X5wO5zzU9V7Bvtl4Q=",
      "dev": true
    },
    "beefy": {
      "version": "0.1.1",
      "resolved": "https://registry.npmjs.org/beefy/-/beefy-0.1.1.tgz",
      "integrity": "sha1-W9pwzCVAV+APwJETkFvaeetaVRs=",
      "dev": true,
      "requires": {
        "colors": "0.6.2",
        "mime": "1.2.11",
        "nopt": "2.1.2",
        "response-stream": "0.0.0",
        "sse-stream": "0.0.2",
        "through": "2.2.7",
        "watchr": "2.4.13"
      }
    },
    "browser-pack": {
      "version": "0.8.1",
      "resolved": "https://registry.npmjs.org/browser-pack/-/browser-pack-0.8.1.tgz",
      "integrity": "sha1-ptDW3fPeUgFy+BFM+7PZs0DCMtc=",
      "dev": true,
      "requires": {
        "JSONStream": "0.4.4",
        "combine-source-map": "0.1.3",
        "duplexer": "0.0.4",
        "through": "2.2.7",
        "uglify-js": "1.3.4"
      }
    },
    "browser-resolve": {
      "version": "0.1.1",
      "resolved": "https://registry.npmjs.org/browser-resolve/-/browser-resolve-0.1.1.tgz",
      "integrity": "sha1-Mdra8yFkkF/xQu67jO0U59X+a68=",
      "dev": true,
      "requires": {
        "buffer-browserify": "0.0.5",
        "console-browserify": "0.1.6",
        "crypto-browserify": "0.2.1",
        "http-browserify": "0.1.11",
        "resolve": "0.3.1",
        "vm-browserify": "0.0.1",
        "zlib-browserify": "0.0.1"
      }
    },
    "browserify": {
      "version": "2.13.3",
      "resolved": "https://registry.npmjs.org/browserify/-/browserify-2.13.3.tgz",
      "integrity": "sha1-JgOjPmiAc44zmafsvBaGPrkCa3c=",
      "dev": true,
      "requires": {
        "JSONStream": "0.4.4",
        "browser-pack": "0.8.1",
        "browser-resolve": "0.1.1",
        "concat-stream": "0.1.1",
        "duplexer": "0.0.4",
        "inherits": "1.0.2",
        "insert-module-globals": "0.2.1",
        "module-deps": "0.7.1",
        "optimist": "0.3.7",
        "shell-quote": "0.0.1",
        "syntax-error": "0.0.1",
        "through": "2.2.7",
        "umd": "1.1.1"
      }
    },
    "buffer-browserify": {
      "version": "0.0.5",
      "resolved": "https://registry.npmjs.org/buffer-browserify/-/buffer-browserify-0.0.5.tgz",
      "integrity": "sha1-iqaGMciogpxqTufvmjrH8sMemD4=",
      "dev": true,
      "requires": {
        "base64-js": "0.0.2"
      }
    },
    "callsite": {
      "version": "1.0.0",
      "resolved": "https://registry.npmjs.org/callsite/-/callsite-1.0.0.tgz",
      "integrity": "sha1-KAOY5dZkvXQDi28JBRU+borxvCA=",
      "dev": true
    },
    "coffee-script": {
      "version": "1.12.7",
      "resolved": "https://registry.npmjs.org/coffee-script/-/coffee-script-1.12.7.tgz",
      "integrity": "sha512-fLeEhqwymYat/MpTPUjSKHVYYl0ec2mOyALEMLmzr5i1isuG+6jfI2j2d5oBO3VIzgUXgBVIcOT9uH1TFxBckw==",
      "dev": true
    },
    "colors": {
      "version": "0.6.2",
      "resolved": "https://registry.npmjs.org/colors/-/colors-0.6.2.tgz",
      "integrity": "sha1-JCP+ZnisDF2uiFLl0OW+CMmXq8w=",
      "dev": true
    },
    "combine-source-map": {
      "version": "0.1.3",
      "resolved": "https://registry.npmjs.org/combine-source-map/-/combine-source-map-0.1.3.tgz",
      "integrity": "sha1-3bdZOg8WcriCEnAiUBR7xOnqlc8=",
      "dev": true,
      "requires": {
        "convert-source-map": "0.2.6",
        "inline-source-map": "0.2.5",
        "parse-base64vlq-mappings": "0.1.4"
      }
    },
    "commondir": {
      "version": "0.0.2",
      "resolved": "https://registry.npmjs.org/commondir/-/commondir-0.0.2.tgz",
      "integrity": "sha1-xJyIgMb+loRLs1Jd0ucxQFDDie4=",
      "dev": true
    },
    "concat-stream": {
      "version": "0.1.1",
      "resolved": "https://registry.npmjs.org/concat-stream/-/concat-stream-0.1.1.tgz",
      "integrity": "sha1-1/TieLkM/E8PPvd/5MA7QOs/eQA=",
      "dev": true
    },
    "console-browserify": {
      "version": "0.1.6",
      "resolved": "https://registry.npmjs.org/console-browserify/-/console-browserify-0.1.6.tgz",
      "integrity": "sha1-0SijwLuINQ61YmxufHGm8P1ImDw=",
      "dev": true
    },
    "convert-source-map": {
      "version": "0.2.6",
      "resolved": "https://registry.npmjs.org/convert-source-map/-/convert-source-map-0.2.6.tgz",
      "integrity": "sha1-rg7XNuimNEpYtQqJRyPeXIUd4tQ=",
      "dev": true
    },
    "crypto-browserify": {
      "version": "0.2.1",
      "resolved": "https://registry.npmjs.org/crypto-browserify/-/crypto-browserify-0.2.1.tgz",
      "integrity": "sha1-MD7ZBG+GBKPXw17EptRtImhxIHg=",
      "dev": true
    },
    "csextends": {
      "version": "1.1.1",
      "resolved": "https://registry.npmjs.org/csextends/-/csextends-1.1.1.tgz",
      "integrity": "sha1-zFPBNJ+vfwrmzfb2xKTZFW08TsE=",
      "dev": true,
      "requires": {
        "coffee-script": "1.12.7"
      }
    },
    "debounce": {
      "version": "0.0.2",
      "resolved": "https://registry.npmjs.org/debounce/-/debounce-0.0.2.tgz",
      "integrity": "sha1-cBrqkv67ZpZRH6rvefdA7YumJgs=",
      "dev": true
    },
    "detective": {
      "version": "2.1.2",
      "resolved": "https://registry.npmjs.org/detective/-/detective-2.1.2.tgz",
      "integrity": "sha1-0irZ8YyC77P1X+4uJEiD2mu7jjc=",
      "dev": true,
      "requires": {
        "escodegen": "0.0.15",
        "esprima": "1.0.2"
      }
    },
    "duplexer": {
      "version": "0.0.4",
      "resolved": "https://registry.npmjs.org/duplexer/-/duplexer-0.0.4.tgz",
      "integrity": "sha1-r8t/H4uNdPggcmFx1dZKyeSo/yA=",
      "dev": true
    },
    "eachr": {
      "version": "2.0.4",
      "resolved": "https://registry.npmjs.org/eachr/-/eachr-2.0.4.tgz",
      "integrity": "sha1-Rm98qhBwj2EFCeMsgHqv5X/BIr8=",
      "dev": true,
      "requires": {
        "typechecker": "2.1.0"
      }
    },
    "editions": {
      "version": "1.3.3",
      "resolved": "https://registry.npmjs.org/editions/-/editions-1.3.3.tgz",
      "integrity": "sha1-CQcQG92iD6w8vjNMJ8vQaI3Jmls=",
      "dev": true
    },
    "escodegen": {
      "version": "0.0.15",
      "resolved": "https://registry.npmjs.org/escodegen/-/escodegen-0.0.15.tgz",
      "integrity": "sha1-/9qcsmtws098wZ8diHVlOa+1Q70=",
      "dev": true,
      "requires": {
        "esprima": "1.0.2",
        "source-map": "0.1.43"
      }
    },
    "esprima": {
      "version": "1.0.2",
      "resolved": "https://registry.npmjs.org/esprima/-/esprima-1.0.2.tgz",
      "integrity": "sha1-gDm/nOrE2dLBX2IyZPspK1UCzq8=",
      "dev": true
    },
    "extendr": {
      "version": "2.1.0",
      "resolved": "https://registry.npmjs.org/extendr/-/extendr-2.1.0.tgz",
      "integrity": "sha1-MBqgu+pWX00tyPVw8qImEahSe1Y=",
      "dev": true,
      "requires": {
        "typechecker": "2.0.8"
      },
      "dependencies": {
        "typechecker": {
          "version": "2.0.8",
          "resolved": "https://registry.npmjs.org/typechecker/-/typechecker-2.0.8.tgz",
          "integrity": "sha1-6D2oS7ZMWEzLNFg4V2xAsDN9uC4=",
          "dev": true
        }
      }
    },
    "extract-opts": {
      "version": "2.2.0",
      "resolved": "https://registry.npmjs.org/extract-opts/-/extract-opts-2.2.0.tgz",
      "integrity": "sha1-H6KOunNSxttID4hc63GkaBC+bX0=",
      "dev": true,
      "requires": {
        "typechecker": "2.0.8"
      },
      "dependencies": {
        "typechecker": {
          "version": "2.0.8",
          "resolved": "https://registry.npmjs.org/typechecker/-/typechecker-2.0.8.tgz",
          "integrity": "sha1-6D2oS7ZMWEzLNFg4V2xAsDN9uC4=",
          "dev": true
        }
      }
    },
    "fps": {
      "version": "0.0.3",
      "resolved": "https://registry.npmjs.org/fps/-/fps-0.0.3.tgz",
      "integrity": "sha1-kCPOkGdUZtRe/ZhOUMKXD4HaDgY=",
      "dev": true,
      "requires": {
        "inherits": "1.0.2"
      }
    },
    "graceful-fs": {
      "version": "4.1.11",
      "resolved": "https://registry.npmjs.org/graceful-fs/-/graceful-fs-4.1.11.tgz",
      "integrity": "sha1-Dovf5NHduIVNZOBOp8AOKgJuVlg=",
      "dev": true
    },
    "http-browserify": {
      "version": "0.1.11",
      "resolved": "https://registry.npmjs.org/http-browserify/-/http-browserify-0.1.11.tgz",
      "integrity": "sha1-rINRjWJc4+JtFt87SeZTg8NxgE8=",
      "dev": true,
      "requires": {
        "concat-stream": "0.0.8"
      },
      "dependencies": {
        "concat-stream": {
          "version": "0.0.8",
          "resolved": "https://registry.npmjs.org/concat-stream/-/concat-stream-0.0.8.tgz",
          "integrity": "sha1-p+p50MywtASZCR25MAUPswT2LX0=",
          "dev": true
        }
      }
    },
    "ignorefs": {
      "version": "1.2.0",
      "resolved": "https://registry.npmjs.org/ignorefs/-/ignorefs-1.2.0.tgz",
      "integrity": "sha1-2ln7hYl25KXkNwLM0fKC/byeV1Y=",
      "dev": true,
      "requires": {
        "editions": "1.3.3",
        "ignorepatterns": "1.1.0"
      }
    },
    "ignorepatterns": {
      "version": "1.1.0",
      "resolved": "https://registry.npmjs.org/ignorepatterns/-/ignorepatterns-1.1.0.tgz",
      "integrity": "sha1-rI9DbyI5td+2bV8NOpBKh6xnzF4=",
      "dev": true
    },
    "inherits": {
      "version": "1.0.2",
      "resolved": "https://registry.npmjs.org/inherits/-/inherits-1.0.2.tgz",
      "integrity": "sha1-ykMJ2t7mtUzAuNJH6NfHoJdb3Js="
    },
    "inline-source-map": {
      "version": "0.2.5",
      "resolved": "https://registry.npmjs.org/inline-source-map/-/inline-source-map-0.2.5.tgz",
      "integrity": "sha1-JC/2wYufsJNPep6DwUIZxhwTFnA=",
      "dev": true,
      "requires": {
        "source-map": "0.1.43"
      }
    },
    "insert-module-globals": {
      "version": "0.2.1",
      "resolved": "https://registry.npmjs.org/insert-module-globals/-/insert-module-globals-0.2.1.tgz",
      "integrity": "sha1-/4QL+WBkAzx/rn4SKqJIIZA0gF4=",
      "dev": true,
      "requires": {
        "JSONStream": "0.4.4",
        "commondir": "0.0.2",
        "duplexer": "0.0.4",
        "lexical-scope": "0.0.15",
        "process": "0.5.2",
        "through": "2.2.7"
      }
    },
    "jsonparse": {
      "version": "0.0.5",
      "resolved": "https://registry.npmjs.org/jsonparse/-/jsonparse-0.0.5.tgz",
      "integrity": "sha1-MwVCrT8KZUZlt3jz6y2an6UHrGQ=",
      "dev": true
    },
    "lexical-scope": {
      "version": "0.0.15",
      "resolved": "https://registry.npmjs.org/lexical-scope/-/lexical-scope-0.0.15.tgz",
      "integrity": "sha1-yllZl6rth7FVywQfSNwEOPSKBNw=",
      "dev": true,
      "requires": {
        "astw": "0.0.0"
      }
    },
    "mime": {
      "version": "1.2.11",
      "resolved": "https://registry.npmjs.org/mime/-/mime-1.2.11.tgz",
      "integrity": "sha1-WCA+7Ybjpe8XrtK32evUfwpg3RA=",
      "dev": true
    },
    "module-deps": {
      "version": "0.7.1",
      "resolved": "https://registry.npmjs.org/module-deps/-/module-deps-0.7.1.tgz",
      "integrity": "sha1-zAvsygEz0wP4tXQY3gcUwCr9x6Q=",
      "dev": true,
      "requires": {
        "JSONStream": "0.4.4",
        "browser-resolve": "0.1.1",
        "concat-stream": "0.1.1",
        "detective": "2.1.2",
        "resolve": "0.3.1",
        "through": "2.3.8"
      },
      "dependencies": {
        "through": {
          "version": "2.3.8",
          "resolved": "https://registry.npmjs.org/through/-/through-2.3.8.tgz",
          "integrity": "sha1-DdTJ/6q8NXlgsbckEV1+Doai4fU=",
          "dev": true
        }
      }
    },
    "nopt": {
      "version": "2.1.2",
      "resolved": "https://registry.npmjs.org/nopt/-/nopt-2.1.2.tgz",
      "integrity": "sha1-bMzZd7gBMqB3MdbozljCyDA8+a8=",
      "dev": true,
      "requires": {
        "abbrev": "1.1.1"
      }
    },
    "optimist": {
      "version": "0.3.7",
      "resolved": "https://registry.npmjs.org/optimist/-/optimist-0.3.7.tgz",
      "integrity": "sha1-yQlBrVnkJzMokjB00s8ufLxuwNk=",
      "dev": true,
      "requires": {
        "wordwrap": "0.0.3"
      }
    },
    "parse-base64vlq-mappings": {
      "version": "0.1.4",
      "resolved": "https://registry.npmjs.org/parse-base64vlq-mappings/-/parse-base64vlq-mappings-0.1.4.tgz",
      "integrity": "sha1-/PXd3tOaAQ3449xgnIbtAQF9+pg=",
      "dev": true
    },
    "process": {
      "version": "0.5.2",
      "resolved": "https://registry.npmjs.org/process/-/process-0.5.2.tgz",
      "integrity": "sha1-FjjYqONML0QKkduVq5rrZ3/Bhc8=",
      "dev": true
    },
    "raf": {
      "version": "0.0.2",
      "resolved": "https://registry.npmjs.org/raf/-/raf-0.0.2.tgz",
      "integrity": "sha1-KJqkG2YirEZBcZlbjGODmMYIoR0=",
      "dev": true
    },
    "resolve": {
      "version": "0.3.1",
      "resolved": "https://registry.npmjs.org/resolve/-/resolve-0.3.1.tgz",
      "integrity": "sha1-NMY0R8ZkxwWY0cmxJvxDsqJDEKQ=",
      "dev": true
    },
    "response-stream": {
      "version": "0.0.0",
      "resolved": "https://registry.npmjs.org/response-stream/-/response-stream-0.0.0.tgz",
      "integrity": "sha1-2ksXzHaEyYyWK+tNlfZoyNytCdU=",
      "dev": true
    },
    "rfile": {
      "version": "1.0.0",
      "resolved": "https://registry.npmjs.org/rfile/-/rfile-1.0.0.tgz",
      "integrity": "sha1-WXCM+Qyh50xUw8/Fw2/bmBBDUmE=",
      "dev": true,
      "requires": {
        "callsite": "1.0.0",
        "resolve": "0.3.1"
      }
    },
    "ruglify": {
      "version": "1.0.0",
      "resolved": "https://registry.npmjs.org/ruglify/-/ruglify-1.0.0.tgz",
      "integrity": "sha1-3Ikw4qlUSidDAcyZcldMDQmGtnU=",
      "dev": true,
      "requires": {
        "rfile": "1.0.0",
        "uglify-js": "2.2.5"
      },
      "dependencies": {
        "uglify-js": {
          "version": "2.2.5",
          "resolved": "https://registry.npmjs.org/uglify-js/-/uglify-js-2.2.5.tgz",
          "integrity": "sha1-puAqcNg5eSuXgEiLe4sYTAlcmcc=",
          "dev": true,
          "requires": {
            "optimist": "0.3.7",
            "source-map": "0.1.43"
          }
        }
      }
    },
    "safefs": {
      "version": "3.2.2",
      "resolved": "https://registry.npmjs.org/safefs/-/safefs-3.2.2.tgz",
      "integrity": "sha1-gXDBRE1wOOCMrqBaN0+uL6NJ4Vw=",
      "dev": true,
      "requires": {
        "graceful-fs": "4.1.11"
      }
    },
    "scandirectory": {
      "version": "2.5.0",
      "resolved": "https://registry.npmjs.org/scandirectory/-/scandirectory-2.5.0.tgz",
      "integrity": "sha1-bOA/VKCQtmjjy+2/IO354xBZPnI=",
      "dev": true,
      "requires": {
        "ignorefs": "1.2.0",
        "safefs": "3.2.2",
        "taskgroup": "4.3.1"
      }
    },
    "shell-quote": {
      "version": "0.0.1",
      "resolved": "https://registry.npmjs.org/shell-quote/-/shell-quote-0.0.1.tgz",
      "integrity": "sha1-GkEZbzwDM8SCMjWT1ohuzxU92YY=",
      "dev": true
    },
    "source-map": {
      "version": "0.1.43",
      "resolved": "https://registry.npmjs.org/source-map/-/source-map-0.1.43.tgz",
      "integrity": "sha1-wkvBRspRfBRx9drL4lcbK3+eM0Y=",
      "dev": true,
      "requires": {
        "amdefine": "1.0.1"
      }
    },
    "sse-stream": {
      "version": "0.0.2",
      "resolved": "https://registry.npmjs.org/sse-stream/-/sse-stream-0.0.2.tgz",
      "integrity": "sha1-QE7X6o+1/7pu23ZWuYLwLpTD6YQ=",
      "dev": true,
      "requires": {
        "through": "2.2.7"
      }
    },
    "syntax-error": {
      "version": "0.0.1",
      "resolved": "https://registry.npmjs.org/syntax-error/-/syntax-error-0.0.1.tgz",
      "integrity": "sha1-AZ0HU0jNjFt58GA8c+U4kafFI10=",
      "dev": true,
      "requires": {
        "esprima": "0.9.9"
      },
      "dependencies": {
        "esprima": {
          "version": "0.9.9",
          "resolved": "https://registry.npmjs.org/esprima/-/esprima-0.9.9.tgz",
          "integrity": "sha1-G5CSXJddYy1ygpOcO7nDpCPDBJA=",
          "dev": true
        }
      }
    },
    "taskgroup": {
      "version": "4.3.1",
      "resolved": "https://registry.npmjs.org/taskgroup/-/taskgroup-4.3.1.tgz",
      "integrity": "sha1-feGT/r12gnPEV3MElwJNUSwnkVo=",
      "dev": true,
      "requires": {
        "ambi": "2.5.0",
        "csextends": "1.1.1"
      }
    },
    "through": {
      "version": "2.2.7",
      "resolved": "https://registry.npmjs.org/through/-/through-2.2.7.tgz",
      "integrity": "sha1-bo4hIAGR1OtqmfbwEN9Gqhxusr0=",
      "dev": true
    },
    "ticker": {
      "version": "0.0.1",
      "resolved": "https://registry.npmjs.org/ticker/-/ticker-0.0.1.tgz",
      "integrity": "sha1-GKRbSGrWH1t3gE93VaVFRFz//Oc=",
      "dev": true,
      "requires": {
        "raf": "0.0.2"
      }
    },
    "typechecker": {
      "version": "2.1.0",
      "resolved": "https://registry.npmjs.org/typechecker/-/typechecker-2.1.0.tgz",
      "integrity": "sha1-0cIJOlT/ihn1jP+HfuqlTyJC04M=",
      "dev": true
    },
    "uglify-js": {
      "version": "1.3.4",
      "resolved": "https://registry.npmjs.org/uglify-js/-/uglify-js-1.3.4.tgz",
      "integrity": "sha1-KCzsQNtWh5jg7G1x0MmJ0yPwY2s=",
      "dev": true
    },
    "umd": {
      "version": "1.1.1",
      "resolved": "https://registry.npmjs.org/umd/-/umd-1.1.1.tgz",
      "integrity": "sha1-SBtkZVsbPbDB85ECJcOAT8bX7Fg=",
      "dev": true,
      "requires": {
        "rfile": "1.0.0",
        "ruglify": "1.0.0",
        "through": "2.3.8",
        "uglify-js": "2.2.5"
      },
      "dependencies": {
        "through": {
          "version": "2.3.8",
          "resolved": "https://registry.npmjs.org/through/-/through-2.3.8.tgz",
          "integrity": "sha1-DdTJ/6q8NXlgsbckEV1+Doai4fU=",
          "dev": true
        },
        "uglify-js": {
          "version": "2.2.5",
          "resolved": "https://registry.npmjs.org/uglify-js/-/uglify-js-2.2.5.tgz",
          "integrity": "sha1-puAqcNg5eSuXgEiLe4sYTAlcmcc=",
          "dev": true,
          "requires": {
            "optimist": "0.3.7",
            "source-map": "0.1.43"
          }
        }
      }
    },
    "vm-browserify": {
      "version": "0.0.1",
      "resolved": "https://registry.npmjs.org/vm-browserify/-/vm-browserify-0.0.1.tgz",
      "integrity": "sha1-UdJZeTZqshnf41o/xl7NavNjHVQ=",
      "dev": true
    },
    "watchr": {
      "version": "2.4.13",
      "resolved": "https://registry.npmjs.org/watchr/-/watchr-2.4.13.tgz",
      "integrity": "sha1-10hHu01vkPYf4sdPn2hmKqDgdgE=",
      "dev": true,
      "requires": {
        "eachr": "2.0.4",
        "extendr": "2.1.0",
        "extract-opts": "2.2.0",
        "ignorefs": "1.2.0",
        "safefs": "3.2.2",
        "scandirectory": "2.5.0",
        "taskgroup": "4.3.1",
        "typechecker": "2.1.0"
      }
    },
    "wordwrap": {
      "version": "0.0.3",
      "resolved": "https://registry.npmjs.org/wordwrap/-/wordwrap-0.0.3.tgz",
      "integrity": "sha1-o9XabNXAvAAI03I0u68b7WMFkQc=",
      "dev": true
    },
    "zlib-browserify": {
      "version": "0.0.1",
      "resolved": "https://registry.npmjs.org/zlib-browserify/-/zlib-browserify-0.0.1.tgz",
      "integrity": "sha1-T6akXQDbwV8xikr6HZr8Aljhdsw=",
      "dev": true
    }
  }
}
